
Microsoft Visual Studio Solution File, Format Version 12.00
# Visual Studio Version 17
VisualStudioVersion = 17.9.34622.214
MinimumVisualStudioVersion = 10.0.40219.1
Project("{2150E333-8FDC-42A3-9474-1A3956D46DE8}") = "DAL", "DAL", "{F750ABD0-C762-4C86-93CB-498F9852C58D}"
EndProject
Project("{2150E333-8FDC-42A3-9474-1A3956D46DE8}") = "BL", "BL", "{77D40F42-E367-45B9-A372-E5F2C07D0581}"
EndProject
Project("{9A19103F-16F7-4668-BE54-9A1E7A4F7556}") = "BL.Interfaces", "BL\BL.Interfaces\BL.Interfaces.csproj", "{4F39BE31-1260-4EE9-AF10-75F22BCA51DB}"
EndProject
Project("{9A19103F-16F7-4668-BE54-9A1E7A4F7556}") = "BL.Standard", "BL\BL.Standard\BL.Standard.csproj", "{32E2B0D9-A6C1-40DF-A5FF-E852D30C7357}"
EndProject
Project("{9A19103F-16F7-4668-BE54-9A1E7A4F7556}") = "Dal.DbModels", "Dal\Dal.DbModels\Dal.DbModels.csproj", "{230F1229-6460-4FCF-AE9F-F84DF487C248}"
EndProject
Project("{9A19103F-16F7-4668-BE54-9A1E7A4F7556}") = "Dal.Interfaces", "Dal\Dal.Interfaces\Dal.Interfaces.csproj", "{B8EC433B-FDE7-480C-8728-86304B05D0B3}"
EndProject
Project("{9A19103F-16F7-4668-BE54-9A1E7A4F7556}") = "Dal.SQL", "Dal\Dal.SQL\Dal.SQL.csproj", "{7CC7F033-A270-4E57-857A-F6123DF3E2EE}"
EndProject
Project("{9A19103F-16F7-4668-BE54-9A1E7A4F7556}") = "Common", "Common\Common.csproj", "{4DAFC00E-89EC-4412-89D2-D3C975305A7E}"
EndProject
Project("{9A19103F-16F7-4668-BE54-9A1E7A4F7556}") = "Entities", "Entities\Entities.csproj", "{9B2974F7-AD2F-4B21-933E-E66F012584C1}"
EndProject
Project("{9A19103F-16F7-4668-BE54-9A1E7A4F7556}") = "Tools", "Tools\Tools.csproj", "{3510CDFE-3645-4CB2-8594-3A0A54E924DF}"
EndProject
Project("{9A19103F-16F7-4668-BE54-9A1E7A4F7556}") = "DataEncryption", "DataEncryption\DataEncryption.csproj", "{C759A33C-F461-4965-AE36-D382C869E834}"
EndProject
Project("{2150E333-8FDC-42A3-9474-1A3956D46DE8}") = "Services", "Services", "{F4B4F821-2779-47F7-A4AD-0BB499FA2E0B}"
EndProject
Project("{FAE04EC0-301F-11D3-BF4B-00C04F79EFBC}") = "TokenCleanupService", "Services\TokenCleanupService\TokenCleanupService.csproj", "{F4F9D3C5-2C2E-4C65-90C4-10DD270A1090}"
EndProject
Global
	GlobalSection(SolutionConfigurationPlatforms) = preSolution
		Debug|Any CPU = Debug|Any CPU
		Release|Any CPU = Release|Any CPU
	EndGlobalSection
	GlobalSection(ProjectConfigurationPlatforms) = postSolution
		{4F39BE31-1260-4EE9-AF10-75F22BCA51DB}.Debug|Any CPU.ActiveCfg = Debug|Any CPU
		{4F39BE31-1260-4EE9-AF10-75F22BCA51DB}.Debug|Any CPU.Build.0 = Debug|Any CPU
		{4F39BE31-1260-4EE9-AF10-75F22BCA51DB}.Release|Any CPU.ActiveCfg = Release|Any CPU
		{4F39BE31-1260-4EE9-AF10-75F22BCA51DB}.Release|Any CPU.Build.0 = Release|Any CPU
		{32E2B0D9-A6C1-40DF-A5FF-E852D30C7357}.Debug|Any CPU.ActiveCfg = Debug|Any CPU
		{32E2B0D9-A6C1-40DF-A5FF-E852D30C7357}.Debug|Any CPU.Build.0 = Debug|Any CPU
		{32E2B0D9-A6C1-40DF-A5FF-E852D30C7357}.Release|Any CPU.ActiveCfg = Release|Any CPU
		{32E2B0D9-A6C1-40DF-A5FF-E852D30C7357}.Release|Any CPU.Build.0 = Release|Any CPU
		{230F1229-6460-4FCF-AE9F-F84DF487C248}.Debug|Any CPU.ActiveCfg = Debug|Any CPU
		{230F1229-6460-4FCF-AE9F-F84DF487C248}.Debug|Any CPU.Build.0 = Debug|Any CPU
		{230F1229-6460-4FCF-AE9F-F84DF487C248}.Release|Any CPU.ActiveCfg = Release|Any CPU
		{230F1229-6460-4FCF-AE9F-F84DF487C248}.Release|Any CPU.Build.0 = Release|Any CPU
		{B8EC433B-FDE7-480C-8728-86304B05D0B3}.Debug|Any CPU.ActiveCfg = Debug|Any CPU
		{B8EC433B-FDE7-480C-8728-86304B05D0B3}.Debug|Any CPU.Build.0 = Debug|Any CPU
		{B8EC433B-FDE7-480C-8728-86304B05D0B3}.Release|Any CPU.ActiveCfg = Release|Any CPU
		{B8EC433B-FDE7-480C-8728-86304B05D0B3}.Release|Any CPU.Build.0 = Release|Any CPU
		{7CC7F033-A270-4E57-857A-F6123DF3E2EE}.Debug|Any CPU.ActiveCfg = Debug|Any CPU
		{7CC7F033-A270-4E57-857A-F6123DF3E2EE}.Debug|Any CPU.Build.0 = Debug|Any CPU
		{7CC7F033-A270-4E57-857A-F6123DF3E2EE}.Release|Any CPU.ActiveCfg = Release|Any CPU
		{7CC7F033-A270-4E57-857A-F6123DF3E2EE}.Release|Any CPU.Build.0 = Release|Any CPU
		{4DAFC00E-89EC-4412-89D2-D3C975305A7E}.Debug|Any CPU.ActiveCfg = Debug|Any CPU
		{4DAFC00E-89EC-4412-89D2-D3C975305A7E}.Debug|Any CPU.Build.0 = Debug|Any CPU
		{4DAFC00E-89EC-4412-89D2-D3C975305A7E}.Release|Any CPU.ActiveCfg = Release|Any CPU
		{4DAFC00E-89EC-4412-89D2-D3C975305A7E}.Release|Any CPU.Build.0 = Release|Any CPU
		{9B2974F7-AD2F-4B21-933E-E66F012584C1}.Debug|Any CPU.ActiveCfg = Debug|Any CPU
		{9B2974F7-AD2F-4B21-933E-E66F012584C1}.Debug|Any CPU.Build.0 = Debug|Any CPU
		{9B2974F7-AD2F-4B21-933E-E66F012584C1}.Release|Any CPU.ActiveCfg = Release|Any CPU
		{9B2974F7-AD2F-4B21-933E-E66F012584C1}.Release|Any CPU.Build.0 = Release|Any CPU
		{3510CDFE-3645-4CB2-8594-3A0A54E924DF}.Debug|Any CPU.ActiveCfg = Debug|Any CPU
		{3510CDFE-3645-4CB2-8594-3A0A54E924DF}.Debug|Any CPU.Build.0 = Debug|Any CPU
		{3510CDFE-3645-4CB2-8594-3A0A54E924DF}.Release|Any CPU.ActiveCfg = Release|Any CPU
		{3510CDFE-3645-4CB2-8594-3A0A54E924DF}.Release|Any CPU.Build.0 = Release|Any CPU
		{C759A33C-F461-4965-AE36-D382C869E834}.Debug|Any CPU.ActiveCfg = Debug|Any CPU
		{C759A33C-F461-4965-AE36-D382C869E834}.Debug|Any CPU.Build.0 = Debug|Any CPU
		{C759A33C-F461-4965-AE36-D382C869E834}.Release|Any CPU.ActiveCfg = Release|Any CPU
		{C759A33C-F461-4965-AE36-D382C869E834}.Release|Any CPU.Build.0 = Release|Any CPU
		{F4F9D3C5-2C2E-4C65-90C4-10DD270A1090}.Debug|Any CPU.ActiveCfg = Debug|Any CPU
		{F4F9D3C5-2C2E-4C65-90C4-10DD270A1090}.Debug|Any CPU.Build.0 = Debug|Any CPU
		{F4F9D3C5-2C2E-4C65-90C4-10DD270A1090}.Release|Any CPU.ActiveCfg = Release|Any CPU
		{F4F9D3C5-2C2E-4C65-90C4-10DD270A1090}.Release|Any CPU.Build.0 = Release|Any CPU
	EndGlobalSection
	GlobalSection(SolutionProperties) = preSolution
		HideSolutionNode = FALSE
	EndGlobalSection
	GlobalSection(NestedProjects) = preSolution
		{4F39BE31-1260-4EE9-AF10-75F22BCA51DB} = {77D40F42-E367-45B9-A372-E5F2C07D0581}
		{32E2B0D9-A6C1-40DF-A5FF-E852D30C7357} = {77D40F42-E367-45B9-A372-E5F2C07D0581}
		{230F1229-6460-4FCF-AE9F-F84DF487C248} = {F750ABD0-C762-4C86-93CB-498F9852C58D}
		{B8EC433B-FDE7-480C-8728-86304B05D0B3} = {F750ABD0-C762-4C86-93CB-498F9852C58D}
		{7CC7F033-A270-4E57-857A-F6123DF3E2EE} = {F750ABD0-C762-4C86-93CB-498F9852C58D}
		{F4F9D3C5-2C2E-4C65-90C4-10DD270A1090} = {F4B4F821-2779-47F7-A4AD-0BB499FA2E0B}
	EndGlobalSection
	GlobalSection(ExtensibilityGlobals) = postSolution
		SolutionGuid = {CAAD9871-A0DB-440A-A204-2315A940133A}
	EndGlobalSection
EndGlobal
